
Microsoft Visual Studio Solution File, Format Version 9.00
# Visual Studio 2005
Project("{8BC9CEB8-8B4A-11D0-8D11-00A0C91BC942}") = "example1__server", "sources\example1__.vcproj", "{85B88F65-A2D6-4287-BBCD-28E106047199}"
EndProject
Global
	GlobalSection(SolutionConfigurationPlatforms) = preSolution
		Debug|Win32 = Debug|Win32
		Release|Win32 = Release|Win32
	EndGlobalSection
	GlobalSection(ProjectConfigurationPlatforms) = postSolution
		{85B88F65-A2D6-4287-BBCD-28E106047199}.Debug|Win32.ActiveCfg = Debug|Win32
		{85B88F65-A2D6-4287-BBCD-28E106047199}.Debug|Win32.Build.0 = Debug|Win32
		{85B88F65-A2D6-4287-BBCD-28E106047199}.Release|Win32.ActiveCfg = Release|Win32
		{85B88F65-A2D6-4287-BBCD-28E106047199}.Release|Win32.Build.0 = Release|Win32
	EndGlobalSection
	GlobalSection(SolutionProperties) = preSolution
		HideSolutionNode = FALSE
	EndGlobalSection
EndGlobal
